PODS:
  - AETAPjsip-ios (0.1.0)
  - Expecta (1.0.6)
  - Specta (1.0.7)

DEPENDENCIES:
  - AETAPjsip-ios (from `../`)
  - Expecta
  - Specta

SPEC REPOS:
  https://github.com/cocoapods/specs.git:
    - Expecta
    - Specta

EXTERNAL SOURCES:
  AETAPjsip-ios:
    :path: "../"

SPEC CHECKSUMS:
  AETAPjsip-ios: 950ce67e8c79246884d25c3d4bccc3585e8dd978
  Expecta: 3b6bd90a64b9a1dcb0b70aa0e10a7f8f631667d5
  Specta: 3e1bd89c3517421982dc4d1c992503e48bd5fe66

PODFILE CHECKSUM: 8d932a6312a9a9946fd6232158283d16e462db46

COCOAPODS: 1.7.5
